// !$*UTF8*$!
{
	archiveVersion = 1;
	classes = {
	};
	objectVersion = 56;
	objects = {

/* Begin PBXBuildFile section */
		D1606B082A137C7C00AD1414 /* AppDelegate.swift in Sources */ = {isa = PBXBuildFile; fileRef = D1606B072A137C7C00AD1414 /* AppDelegate.swift */; };
		D1606B0A2A137C7C00AD1414 /* SceneDelegate.swift in Sources */ = {isa = PBXBuildFile; fileRef = D1606B092A137C7C00AD1414 /* SceneDelegate.swift */; };
		D1606B122A137C7C00AD1414 /* Image_Searcher.xcdatamodeld in Sources */ = {isa = PBXBuildFile; fileRef = D1606B102A137C7C00AD1414 /* Image_Searcher.xcdatamodeld */; };
		D1606B142A137C7E00AD1414 /* Assets.xcassets in Resources */ = {isa = PBXBuildFile; fileRef = D1606B132A137C7E00AD1414 /* Assets.xcassets */; };
		D1606B172A137C7E00AD1414 /* LaunchScreen.storyboard in Resources */ = {isa = PBXBuildFile; fileRef = D1606B152A137C7E00AD1414 /* LaunchScreen.storyboard */; };
		D1606B272A137E1800AD1414 /* Coordinator.swift in Sources */ = {isa = PBXBuildFile; fileRef = D1606B262A137E1700AD1414 /* Coordinator.swift */; };
		D1606B2A2A137E5700AD1414 /* UINavigationBar.swift in Sources */ = {isa = PBXBuildFile; fileRef = D1606B292A137E5700AD1414 /* UINavigationBar.swift */; };
		D1606B2C2A137F2200AD1414 /* UIImage.swift in Sources */ = {isa = PBXBuildFile; fileRef = D1606B2B2A137F2200AD1414 /* UIImage.swift */; };
		D1606B2E2A137F3E00AD1414 /* AssetsImage.swift in Sources */ = {isa = PBXBuildFile; fileRef = D1606B2D2A137F3E00AD1414 /* AssetsImage.swift */; };
		D1606B302A137F5500AD1414 /* AssetsColor.swift in Sources */ = {isa = PBXBuildFile; fileRef = D1606B2F2A137F5500AD1414 /* AssetsColor.swift */; };
		D1606B322A137F7B00AD1414 /* UIColor.swift in Sources */ = {isa = PBXBuildFile; fileRef = D1606B312A137F7B00AD1414 /* UIColor.swift */; };
		D1606B352A137F9A00AD1414 /* ReusableView.swift in Sources */ = {isa = PBXBuildFile; fileRef = D1606B342A137F9A00AD1414 /* ReusableView.swift */; };
		D1606B372A137FAE00AD1414 /* UIView.swift in Sources */ = {isa = PBXBuildFile; fileRef = D1606B362A137FAE00AD1414 /* UIView.swift */; };
		D1606B3A2A13822B00AD1414 /* SearchViewController.swift in Sources */ = {isa = PBXBuildFile; fileRef = D1606B392A13822B00AD1414 /* SearchViewController.swift */; };
		D1606B3C2A13831300AD1414 /* ViewSpecificController.swift in Sources */ = {isa = PBXBuildFile; fileRef = D1606B3B2A13831300AD1414 /* ViewSpecificController.swift */; };
		D1606B3E2A13832200AD1414 /* AlertViewController.swift in Sources */ = {isa = PBXBuildFile; fileRef = D1606B3D2A13832200AD1414 /* AlertViewController.swift */; };
		D1606B432A13836D00AD1414 /* SearchView.swift in Sources */ = {isa = PBXBuildFile; fileRef = D1606B422A13836D00AD1414 /* SearchView.swift */; };
		D1606B452A13837100AD1414 /* SearchView.xib in Resources */ = {isa = PBXBuildFile; fileRef = D1606B442A13837100AD1414 /* SearchView.xib */; };
		D1606B472A13839A00AD1414 /* CustomView.swift in Sources */ = {isa = PBXBuildFile; fileRef = D1606B462A13839A00AD1414 /* CustomView.swift */; };
		D1606B492A1384FD00AD1414 /* SearchCoordinator.swift in Sources */ = {isa = PBXBuildFile; fileRef = D1606B482A1384FD00AD1414 /* SearchCoordinator.swift */; };
		D1606B4B2A13853700AD1414 /* UITabBarItem.swift in Sources */ = {isa = PBXBuildFile; fileRef = D1606B4A2A13853700AD1414 /* UITabBarItem.swift */; };
		D1606B4D2A13885800AD1414 /* FavouriteCoordinator.swift in Sources */ = {isa = PBXBuildFile; fileRef = D1606B4C2A13885800AD1414 /* FavouriteCoordinator.swift */; };
		D1606B512A13888400AD1414 /* FavouriteViewController.swift in Sources */ = {isa = PBXBuildFile; fileRef = D1606B502A13888400AD1414 /* FavouriteViewController.swift */; };
		D1606B552A1388B700AD1414 /* FavouriteView.swift in Sources */ = {isa = PBXBuildFile; fileRef = D1606B542A1388B700AD1414 /* FavouriteView.swift */; };
		D1606B572A1388BA00AD1414 /* FavouriteView.xib in Resources */ = {isa = PBXBuildFile; fileRef = D1606B562A1388BA00AD1414 /* FavouriteView.xib */; };
		D1606B592A13895000AD1414 /* TabbarController.swift in Sources */ = {isa = PBXBuildFile; fileRef = D1606B582A13895000AD1414 /* TabbarController.swift */; };
		D1606B5B2A13899100AD1414 /* UITabBar.swift in Sources */ = {isa = PBXBuildFile; fileRef = D1606B5A2A13899100AD1414 /* UITabBar.swift */; };
		D1606B5D2A138E2D00AD1414 /* Button.swift in Sources */ = {isa = PBXBuildFile; fileRef = D1606B5C2A138E2D00AD1414 /* Button.swift */; };
		D1606B612A1390A200AD1414 /* IQKeyboardManagerSwift in Frameworks */ = {isa = PBXBuildFile; productRef = D1606B602A1390A200AD1414 /* IQKeyboardManagerSwift */; };
		D1606B632A1391D600AD1414 /* String.swift in Sources */ = {isa = PBXBuildFile; fileRef = D1606B622A1391D600AD1414 /* String.swift */; };
		D1606B682A1395D700AD1414 /* Images+CoreDataClass.swift in Sources */ = {isa = PBXBuildFile; fileRef = D1606B662A1395D700AD1414 /* Images+CoreDataClass.swift */; };
		D1606B692A1395D700AD1414 /* Images+CoreDataProperties.swift in Sources */ = {isa = PBXBuildFile; fileRef = D1606B672A1395D700AD1414 /* Images+CoreDataProperties.swift */; };
		D1606B6B2A13964800AD1414 /* DatabaseHandler.swift in Sources */ = {isa = PBXBuildFile; fileRef = D1606B6A2A13964800AD1414 /* DatabaseHandler.swift */; };
		D1606B6E2A13A86000AD1414 /* FavouriteDataProvider.swift in Sources */ = {isa = PBXBuildFile; fileRef = D1606B6D2A13A86000AD1414 /* FavouriteDataProvider.swift */; };
		D1606B702A13A98E00AD1414 /* FavouriteCollectionViewCell.swift in Sources */ = {isa = PBXBuildFile; fileRef = D1606B6F2A13A98E00AD1414 /* FavouriteCollectionViewCell.swift */; };
		D1606B722A13A99100AD1414 /* FavouriteCollectionViewCell.xib in Resources */ = {isa = PBXBuildFile; fileRef = D1606B712A13A99100AD1414 /* FavouriteCollectionViewCell.xib */; };
		D1FF6CA22A163F6400280F65 /* Image_SearcherTests.swift in Sources */ = {isa = PBXBuildFile; fileRef = D1FF6CA12A163F6400280F65 /* Image_SearcherTests.swift */; };
/* End PBXBuildFile section */

/* Begin PBXContainerItemProxy section */
		D1FF6CA32A163F6400280F65 /* PBXContainerItemProxy */ = {
			isa = PBXContainerItemProxy;
			containerPortal = D1606AFC2A137C7C00AD1414 /* Project object */;
			proxyType = 1;
			remoteGlobalIDString = D1606B032A137C7C00AD1414;
			remoteInfo = "Image Searcher";
		};
/* End PBXContainerItemProxy section */

/* Begin PBXFileReference section */
		D1606B042A137C7C00AD1414 /* Image Searcher.app */ = {isa = PBXFileReference; explicitFileType = wrapper.application; includeInIndex = 0; path = "Image Searcher.app"; sourceTree = BUILT_PRODUCTS_DIR; };
		D1606B072A137C7C00AD1414 /* AppDelegate.swift */ = {isa = PBXFileReference; lastKnownFileType = sourcecode.swift; path = AppDelegate.swift; sourceTree = "<group>"; };
		D1606B092A137C7C00AD1414 /* SceneDelegate.swift */ = {isa = PBXFileReference; lastKnownFileType = sourcecode.swift; path = SceneDelegate.swift; sourceTree = "<group>"; };
		D1606B112A137C7C00AD1414 /* Image_Searcher.xcdatamodel */ = {isa = PBXFileReference; lastKnownFileType = wrapper.xcdatamodel; path = Image_Searcher.xcdatamodel; sourceTree = "<group>"; };
		D1606B132A137C7E00AD1414 /* Assets.xcassets */ = {isa = PBXFileReference; lastKnownFileType = folder.assetcatalog; path = Assets.xcassets; sourceTree = "<group>"; };
		D1606B162A137C7E00AD1414 /* Base */ = {isa = PBXFileReference; lastKnownFileType = file.storyboard; name = Base; path = Base.lproj/LaunchScreen.storyboard; sourceTree = "<group>"; };
		D1606B182A137C7E00AD1414 /* Info.plist */ = {isa = PBXFileReference; lastKnownFileType = text.plist.xml; path = Info.plist; sourceTree = "<group>"; };
		D1606B262A137E1700AD1414 /* Coordinator.swift */ = {isa = PBXFileReference; lastKnownFileType = sourcecode.swift; path = Coordinator.swift; sourceTree = "<group>"; };
		D1606B292A137E5700AD1414 /* UINavigationBar.swift */ = {isa = PBXFileReference; lastKnownFileType = sourcecode.swift; path = UINavigationBar.swift; sourceTree = "<group>"; };
		D1606B2B2A137F2200AD1414 /* UIImage.swift */ = {isa = PBXFileReference; lastKnownFileType = sourcecode.swift; path = UIImage.swift; sourceTree = "<group>"; };
		D1606B2D2A137F3E00AD1414 /* AssetsImage.swift */ = {isa = PBXFileReference; lastKnownFileType = sourcecode.swift; path = AssetsImage.swift; sourceTree = "<group>"; };
		D1606B2F2A137F5500AD1414 /* AssetsColor.swift */ = {isa = PBXFileReference; lastKnownFileType = sourcecode.swift; path = AssetsColor.swift; sourceTree = "<group>"; };
		D1606B312A137F7B00AD1414 /* UIColor.swift */ = {isa = PBXFileReference; lastKnownFileType = sourcecode.swift; path = UIColor.swift; sourceTree = "<group>"; };
		D1606B342A137F9A00AD1414 /* ReusableView.swift */ = {isa = PBXFileReference; lastKnownFileType = sourcecode.swift; path = ReusableView.swift; sourceTree = "<group>"; };
		D1606B362A137FAE00AD1414 /* UIView.swift */ = {isa = PBXFileReference; lastKnownFileType = sourcecode.swift; path = UIView.swift; sourceTree = "<group>"; };
		D1606B392A13822B00AD1414 /* SearchViewController.swift */ = {isa = PBXFileReference; lastKnownFileType = sourcecode.swift; path = SearchViewController.swift; sourceTree = "<group>"; };
		D1606B3B2A13831300AD1414 /* ViewSpecificController.swift */ = {isa = PBXFileReference; lastKnownFileType = sourcecode.swift; path = ViewSpecificController.swift; sourceTree = "<group>"; };
		D1606B3D2A13832200AD1414 /* AlertViewController.swift */ = {isa = PBXFileReference; lastKnownFileType = sourcecode.swift; path = AlertViewController.swift; sourceTree = "<group>"; };
		D1606B422A13836D00AD1414 /* SearchView.swift */ = {isa = PBXFileReference; lastKnownFileType = sourcecode.swift; path = SearchView.swift; sourceTree = "<group>"; };
		D1606B442A13837100AD1414 /* SearchView.xib */ = {isa = PBXFileReference; lastKnownFileType = file.xib; path = SearchView.xib; sourceTree = "<group>"; };
		D1606B462A13839A00AD1414 /* CustomView.swift */ = {isa = PBXFileReference; lastKnownFileType = sourcecode.swift; path = CustomView.swift; sourceTree = "<group>"; };
		D1606B482A1384FD00AD1414 /* SearchCoordinator.swift */ = {isa = PBXFileReference; lastKnownFileType = sourcecode.swift; path = SearchCoordinator.swift; sourceTree = "<group>"; };
		D1606B4A2A13853700AD1414 /* UITabBarItem.swift */ = {isa = PBXFileReference; lastKnownFileType = sourcecode.swift; path = UITabBarItem.swift; sourceTree = "<group>"; };
		D1606B4C2A13885800AD1414 /* FavouriteCoordinator.swift */ = {isa = PBXFileReference; lastKnownFileType = sourcecode.swift; path = FavouriteCoordinator.swift; sourceTree = "<group>"; };
		D1606B502A13888400AD1414 /* FavouriteViewController.swift */ = {isa = PBXFileReference; lastKnownFileType = sourcecode.swift; path = FavouriteViewController.swift; sourceTree = "<group>"; };
		D1606B542A1388B700AD1414 /* FavouriteView.swift */ = {isa = PBXFileReference; lastKnownFileType = sourcecode.swift; path = FavouriteView.swift; sourceTree = "<group>"; };
		D1606B562A1388BA00AD1414 /* FavouriteView.xib */ = {isa = PBXFileReference; lastKnownFileType = file.xib; path = FavouriteView.xib; sourceTree = "<group>"; };
		D1606B582A13895000AD1414 /* TabbarController.swift */ = {isa = PBXFileReference; lastKnownFileType = sourcecode.swift; path = TabbarController.swift; sourceTree = "<group>"; };
		D1606B5A2A13899100AD1414 /* UITabBar.swift */ = {isa = PBXFileReference; lastKnownFileType = sourcecode.swift; path = UITabBar.swift; sourceTree = "<group>"; };
		D1606B5C2A138E2D00AD1414 /* Button.swift */ = {isa = PBXFileReference; lastKnownFileType = sourcecode.swift; path = Button.swift; sourceTree = "<group>"; };
		D1606B622A1391D600AD1414 /* String.swift */ = {isa = PBXFileReference; lastKnownFileType = sourcecode.swift; path = String.swift; sourceTree = "<group>"; };
		D1606B662A1395D700AD1414 /* Images+CoreDataClass.swift */ = {isa = PBXFileReference; lastKnownFileType = sourcecode.swift; path = "Images+CoreDataClass.swift"; sourceTree = "<group>"; };
		D1606B672A1395D700AD1414 /* Images+CoreDataProperties.swift */ = {isa = PBXFileReference; lastKnownFileType = sourcecode.swift; path = "Images+CoreDataProperties.swift"; sourceTree = "<group>"; };
		D1606B6A2A13964800AD1414 /* DatabaseHandler.swift */ = {isa = PBXFileReference; lastKnownFileType = sourcecode.swift; path = DatabaseHandler.swift; sourceTree = "<group>"; };
		D1606B6D2A13A86000AD1414 /* FavouriteDataProvider.swift */ = {isa = PBXFileReference; lastKnownFileType = sourcecode.swift; path = FavouriteDataProvider.swift; sourceTree = "<group>"; };
		D1606B6F2A13A98E00AD1414 /* FavouriteCollectionViewCell.swift */ = {isa = PBXFileReference; lastKnownFileType = sourcecode.swift; path = FavouriteCollectionViewCell.swift; sourceTree = "<group>"; };
		D1606B712A13A99100AD1414 /* FavouriteCollectionViewCell.xib */ = {isa = PBXFileReference; lastKnownFileType = file.xib; path = FavouriteCollectionViewCell.xib; sourceTree = "<group>"; };
		D1FF6C9F2A163F6400280F65 /* Image SearcherTests.xctest */ = {isa = PBXFileReference; explicitFileType = wrapper.cfbundle; includeInIndex = 0; path = "Image SearcherTests.xctest"; sourceTree = BUILT_PRODUCTS_DIR; };
		D1FF6CA12A163F6400280F65 /* Image_SearcherTests.swift */ = {isa = PBXFileReference; lastKnownFileType = sourcecode.swift; path = Image_SearcherTests.swift; sourceTree = "<group>"; };
/* End PBXFileReference section */

/* Begin PBXFrameworksBuildPhase section */
		D1606B012A137C7C00AD1414 /* Frameworks */ = {
			isa = PBXFrameworksBuildPhase;
			buildActionMask = 2147483647;
			files = (
				D1606B612A1390A200AD1414 /* IQKeyboardManagerSwift in Frameworks */,
			);
			runOnlyForDeploymentPostprocessing = 0;
		};
		D1FF6C9C2A163F6400280F65 /* Frameworks */ = {
			isa = PBXFrameworksBuildPhase;
			buildActionMask = 2147483647;
			files = (
			);
			runOnlyForDeploymentPostprocessing = 0;
		};
/* End PBXFrameworksBuildPhase section */

/* Begin PBXGroup section */
		D1606AFB2A137C7C00AD1414 = {
			isa = PBXGroup;
			children = (
				D1606B062A137C7C00AD1414 /* Image Searcher */,
				D1FF6CA02A163F6400280F65 /* Image SearcherTests */,
				D1606B052A137C7C00AD1414 /* Products */,
			);
			sourceTree = "<group>";
		};
		D1606B052A137C7C00AD1414 /* Products */ = {
			isa = PBXGroup;
			children = (
				D1606B042A137C7C00AD1414 /* Image Searcher.app */,
				D1FF6C9F2A163F6400280F65 /* Image SearcherTests.xctest */,
			);
			name = Products;
			sourceTree = "<group>";
		};
		D1606B062A137C7C00AD1414 /* Image Searcher */ = {
			isa = PBXGroup;
			children = (
				D1606B232A137DA400AD1414 /* Additional Materials */,
				D1606B202A137D7600AD1414 /* TabbarController */,
				D1606B1E2A137D5800AD1414 /* Search */,
				D1606B1F2A137D5F00AD1414 /* Favourite */,
				D1606B072A137C7C00AD1414 /* AppDelegate.swift */,
				D1606B092A137C7C00AD1414 /* SceneDelegate.swift */,
				D1606B132A137C7E00AD1414 /* Assets.xcassets */,
				D1606B152A137C7E00AD1414 /* LaunchScreen.storyboard */,
				D1606B182A137C7E00AD1414 /* Info.plist */,
				D1606B102A137C7C00AD1414 /* Image_Searcher.xcdatamodeld */,
			);
			path = "Image Searcher";
			sourceTree = "<group>";
		};
		D1606B1E2A137D5800AD1414 /* Search */ = {
			isa = PBXGroup;
			children = (
				D1606B482A1384FD00AD1414 /* SearchCoordinator.swift */,
				D1606B212A137D9300AD1414 /* Search */,
			);
			path = Search;
			sourceTree = "<group>";
		};
		D1606B1F2A137D5F00AD1414 /* Favourite */ = {
			isa = PBXGroup;
			children = (
				D1606B4C2A13885800AD1414 /* FavouriteCoordinator.swift */,
				D1606B222A137D9A00AD1414 /* Favourite */,
			);
			path = Favourite;
			sourceTree = "<group>";
		};
		D1606B202A137D7600AD1414 /* TabbarController */ = {
			isa = PBXGroup;
			children = (
				D1606B582A13895000AD1414 /* TabbarController.swift */,
			);
			path = TabbarController;
			sourceTree = "<group>";
		};
		D1606B212A137D9300AD1414 /* Search */ = {
			isa = PBXGroup;
			children = (
				D1606B382A13822000AD1414 /* View Controller */,
				D1606B3F2A13835B00AD1414 /* View */,
			);
			path = Search;
			sourceTree = "<group>";
		};
		D1606B222A137D9A00AD1414 /* Favourite */ = {
			isa = PBXGroup;
			children = (
				D1606B6C2A13A85200AD1414 /* Data Provider */,
				D1606B4F2A13887600AD1414 /* View Controller */,
				D1606B4E2A13887200AD1414 /* View */,
			);
			path = Favourite;
			sourceTree = "<group>";
		};
		D1606B232A137DA400AD1414 /* Additional Materials */ = {
			isa = PBXGroup;
			children = (
				D1606B332A137F9500AD1414 /* Classes */,
				D1606B282A137E4D00AD1414 /* Extensions */,
				D1606B252A137E0B00AD1414 /* Protocols */,
				D1606B242A137DB100AD1414 /* Constants */,
			);
			path = "Additional Materials";
			sourceTree = "<group>";
		};
		D1606B242A137DB100AD1414 /* Constants */ = {
			isa = PBXGroup;
			children = (
				D1606B2D2A137F3E00AD1414 /* AssetsImage.swift */,
				D1606B2F2A137F5500AD1414 /* AssetsColor.swift */,
			);
			path = Constants;
			sourceTree = "<group>";
		};
		D1606B252A137E0B00AD1414 /* Protocols */ = {
			isa = PBXGroup;
			children = (
				D1606B262A137E1700AD1414 /* Coordinator.swift */,
				D1606B3B2A13831300AD1414 /* ViewSpecificController.swift */,
				D1606B3D2A13832200AD1414 /* AlertViewController.swift */,
			);
			path = Protocols;
			sourceTree = "<group>";
		};
		D1606B282A137E4D00AD1414 /* Extensions */ = {
			isa = PBXGroup;
			children = (
				D1606B292A137E5700AD1414 /* UINavigationBar.swift */,
				D1606B2B2A137F2200AD1414 /* UIImage.swift */,
				D1606B312A137F7B00AD1414 /* UIColor.swift */,
				D1606B362A137FAE00AD1414 /* UIView.swift */,
				D1606B4A2A13853700AD1414 /* UITabBarItem.swift */,
				D1606B5A2A13899100AD1414 /* UITabBar.swift */,
				D1606B5C2A138E2D00AD1414 /* Button.swift */,
				D1606B622A1391D600AD1414 /* String.swift */,
			);
			path = Extensions;
			sourceTree = "<group>";
		};
		D1606B332A137F9500AD1414 /* Classes */ = {
			isa = PBXGroup;
			children = (
				D1606B662A1395D700AD1414 /* Images+CoreDataClass.swift */,
				D1606B672A1395D700AD1414 /* Images+CoreDataProperties.swift */,
				D1606B342A137F9A00AD1414 /* ReusableView.swift */,
				D1606B462A13839A00AD1414 /* CustomView.swift */,
				D1606B6A2A13964800AD1414 /* DatabaseHandler.swift */,
			);
			path = Classes;
			sourceTree = "<group>";
		};
		D1606B382A13822000AD1414 /* View Controller */ = {
			isa = PBXGroup;
			children = (
				D1606B392A13822B00AD1414 /* SearchViewController.swift */,
			);
			path = "View Controller";
			sourceTree = "<group>";
		};
		D1606B3F2A13835B00AD1414 /* View */ = {
			isa = PBXGroup;
			children = (
				D1606B412A13836500AD1414 /* Root View */,
			);
			path = View;
			sourceTree = "<group>";
		};
		D1606B412A13836500AD1414 /* Root View */ = {
			isa = PBXGroup;
			children = (
				D1606B422A13836D00AD1414 /* SearchView.swift */,
				D1606B442A13837100AD1414 /* SearchView.xib */,
			);
			path = "Root View";
			sourceTree = "<group>";
		};
		D1606B4E2A13887200AD1414 /* View */ = {
			isa = PBXGroup;
			children = (
				D1606B532A1388AB00AD1414 /* Root View */,
				D1606B522A1388A200AD1414 /* Cell */,
			);
			path = View;
			sourceTree = "<group>";
		};
		D1606B4F2A13887600AD1414 /* View Controller */ = {
			isa = PBXGroup;
			children = (
				D1606B502A13888400AD1414 /* FavouriteViewController.swift */,
			);
			path = "View Controller";
			sourceTree = "<group>";
		};
		D1606B522A1388A200AD1414 /* Cell */ = {
			isa = PBXGroup;
			children = (
				D1606B6F2A13A98E00AD1414 /* FavouriteCollectionViewCell.swift */,
				D1606B712A13A99100AD1414 /* FavouriteCollectionViewCell.xib */,
			);
			path = Cell;
			sourceTree = "<group>";
		};
		D1606B532A1388AB00AD1414 /* Root View */ = {
			isa = PBXGroup;
			children = (
				D1606B542A1388B700AD1414 /* FavouriteView.swift */,
				D1606B562A1388BA00AD1414 /* FavouriteView.xib */,
			);
			path = "Root View";
			sourceTree = "<group>";
		};
		D1606B6C2A13A85200AD1414 /* Data Provider */ = {
			isa = PBXGroup;
			children = (
				D1606B6D2A13A86000AD1414 /* FavouriteDataProvider.swift */,
			);
			path = "Data Provider";
			sourceTree = "<group>";
		};
		D1FF6CA02A163F6400280F65 /* Image SearcherTests */ = {
			isa = PBXGroup;
			children = (
				D1FF6CA12A163F6400280F65 /* Image_SearcherTests.swift */,
			);
			path = "Image SearcherTests";
			sourceTree = "<group>";
		};
/* End PBXGroup section */

/* Begin PBXNativeTarget section */
		D1606B032A137C7C00AD1414 /* Image Searcher */ = {
			isa = PBXNativeTarget;
			buildConfigurationList = D1606B1B2A137C7E00AD1414 /* Build configuration list for PBXNativeTarget "Image Searcher" */;
			buildPhases = (
				D1606B002A137C7C00AD1414 /* Sources */,
				D1606B012A137C7C00AD1414 /* Frameworks */,
				D1606B022A137C7C00AD1414 /* Resources */,
			);
			buildRules = (
			);
			dependencies = (
			);
			name = "Image Searcher";
			packageProductDependencies = (
				D1606B602A1390A200AD1414 /* IQKeyboardManagerSwift */,
			);
			productName = "Image Searcher";
			productReference = D1606B042A137C7C00AD1414 /* Image Searcher.app */;
			productType = "com.apple.product-type.application";
		};
		D1FF6C9E2A163F6400280F65 /* Image SearcherTests */ = {
			isa = PBXNativeTarget;
			buildConfigurationList = D1FF6CA52A163F6400280F65 /* Build configuration list for PBXNativeTarget "Image SearcherTests" */;
			buildPhases = (
				D1FF6C9B2A163F6400280F65 /* Sources */,
				D1FF6C9C2A163F6400280F65 /* Frameworks */,
				D1FF6C9D2A163F6400280F65 /* Resources */,
			);
			buildRules = (
			);
			dependencies = (
				D1FF6CA42A163F6400280F65 /* PBXTargetDependency */,
			);
			name = "Image SearcherTests";
			productName = "Image SearcherTests";
			productReference = D1FF6C9F2A163F6400280F65 /* Image SearcherTests.xctest */;
			productType = "com.apple.product-type.bundle.unit-test";
		};
/* End PBXNativeTarget section */

/* Begin PBXProject section */
		D1606AFC2A137C7C00AD1414 /* Project object */ = {
			isa = PBXProject;
			attributes = {
				BuildIndependentTargetsInParallel = 1;
				LastSwiftUpdateCheck = 1430;
				LastUpgradeCheck = 1430;
				TargetAttributes = {
					D1606B032A137C7C00AD1414 = {
						CreatedOnToolsVersion = 14.3;
					};
					D1FF6C9E2A163F6400280F65 = {
						CreatedOnToolsVersion = 14.3;
						TestTargetID = D1606B032A137C7C00AD1414;
					};
				};
			};
			buildConfigurationList = D1606AFF2A137C7C00AD1414 /* Build configuration list for PBXProject "Image Searcher" */;
			compatibilityVersion = "Xcode 14.0";
			developmentRegion = en;
			hasScannedForEncodings = 0;
			knownRegions = (
				en,
				Base,
			);
			mainGroup = D1606AFB2A137C7C00AD1414;
			packageReferences = (
				D1606B5F2A1390A200AD1414 /* XCRemoteSwiftPackageReference "IQKeyboardManager" */,
			);
			productRefGroup = D1606B052A137C7C00AD1414 /* Products */;
			projectDirPath = "";
			projectRoot = "";
			targets = (
				D1606B032A137C7C00AD1414 /* Image Searcher */,
				D1FF6C9E2A163F6400280F65 /* Image SearcherTests */,
			);
		};
/* End PBXProject section */

/* Begin PBXResourcesBuildPhase section */
		D1606B022A137C7C00AD1414 /* Resources */ = {
			isa = PBXResourcesBuildPhase;
			buildActionMask = 2147483647;
			files = (
				D1606B452A13837100AD1414 /* SearchView.xib in Resources */,
				D1606B172A137C7E00AD1414 /* LaunchScreen.storyboard in Resources */,
				D1606B722A13A99100AD1414 /* FavouriteCollectionViewCell.xib in Resources */,
				D1606B572A1388BA00AD1414 /* FavouriteView.xib in Resources */,
				D1606B142A137C7E00AD1414 /* Assets.xcassets in Resources */,
			);
			runOnlyForDeploymentPostprocessing = 0;
		};
		D1FF6C9D2A163F6400280F65 /* Resources */ = {
			isa = PBXResourcesBuildPhase;
			buildActionMask = 2147483647;
			files = (
			);
			runOnlyForDeploymentPostprocessing = 0;
		};
/* End PBXResourcesBuildPhase section */

/* Begin PBXSourcesBuildPhase section */
		D1606B002A137C7C00AD1414 /* Sources */ = {
			isa = PBXSourcesBuildPhase;
			buildActionMask = 2147483647;
			files = (
				D1606B082A137C7C00AD1414 /* AppDelegate.swift in Sources */,
				D1606B3C2A13831300AD1414 /* ViewSpecificController.swift in Sources */,
				D1606B2E2A137F3E00AD1414 /* AssetsImage.swift in Sources */,
				D1606B492A1384FD00AD1414 /* SearchCoordinator.swift in Sources */,
				D1606B272A137E1800AD1414 /* Coordinator.swift in Sources */,
				D1606B372A137FAE00AD1414 /* UIView.swift in Sources */,
				D1606B5B2A13899100AD1414 /* UITabBar.swift in Sources */,
				D1606B352A137F9A00AD1414 /* ReusableView.swift in Sources */,
				D1606B592A13895000AD1414 /* TabbarController.swift in Sources */,
				D1606B6E2A13A86000AD1414 /* FavouriteDataProvider.swift in Sources */,
				D1606B2A2A137E5700AD1414 /* UINavigationBar.swift in Sources */,
				D1606B512A13888400AD1414 /* FavouriteViewController.swift in Sources */,
				D1606B5D2A138E2D00AD1414 /* Button.swift in Sources */,
				D1606B302A137F5500AD1414 /* AssetsColor.swift in Sources */,
				D1606B4B2A13853700AD1414 /* UITabBarItem.swift in Sources */,
				D1606B692A1395D700AD1414 /* Images+CoreDataProperties.swift in Sources */,
				D1606B6B2A13964800AD1414 /* DatabaseHandler.swift in Sources */,
				D1606B472A13839A00AD1414 /* CustomView.swift in Sources */,
				D1606B3A2A13822B00AD1414 /* SearchViewController.swift in Sources */,
				D1606B122A137C7C00AD1414 /* Image_Searcher.xcdatamodeld in Sources */,
				D1606B682A1395D700AD1414 /* Images+CoreDataClass.swift in Sources */,
				D1606B632A1391D600AD1414 /* String.swift in Sources */,
				D1606B702A13A98E00AD1414 /* FavouriteCollectionViewCell.swift in Sources */,
				D1606B4D2A13885800AD1414 /* FavouriteCoordinator.swift in Sources */,
				D1606B0A2A137C7C00AD1414 /* SceneDelegate.swift in Sources */,
				D1606B432A13836D00AD1414 /* SearchView.swift in Sources */,
				D1606B2C2A137F2200AD1414 /* UIImage.swift in Sources */,
				D1606B3E2A13832200AD1414 /* AlertViewController.swift in Sources */,
				D1606B552A1388B700AD1414 /* FavouriteView.swift in Sources */,
				D1606B322A137F7B00AD1414 /* UIColor.swift in Sources */,
			);
			runOnlyForDeploymentPostprocessing = 0;
		};
		D1FF6C9B2A163F6400280F65 /* Sources */ = {
			isa = PBXSourcesBuildPhase;
			buildActionMask = 2147483647;
			files = (
				D1FF6CA22A163F6400280F65 /* Image_SearcherTests.swift in Sources */,
			);
			runOnlyForDeploymentPostprocessing = 0;
		};
/* End PBXSourcesBuildPhase section */

/* Begin PBXTargetDependency section */
		D1FF6CA42A163F6400280F65 /* PBXTargetDependency */ = {
			isa = PBXTargetDependency;
			target = D1606B032A137C7C00AD1414 /* Image Searcher */;
			targetProxy = D1FF6CA32A163F6400280F65 /* PBXContainerItemProxy */;
		};
/* End PBXTargetDependency section */

/* Begin PBXVariantGroup section */
		D1606B152A137C7E00AD1414 /* LaunchScreen.storyboard */ = {
			isa = PBXVariantGroup;
			children = (
				D1606B162A137C7E00AD1414 /* Base */,
			);
			name = LaunchScreen.storyboard;
			sourceTree = "<group>";
		};
/* End PBXVariantGroup section */

/* Begin XCBuildConfiguration section */
		D1606B192A137C7E00AD1414 /* Debug */ = {
			isa = XCBuildConfiguration;
			buildSettings = {
				ALWAYS_SEARCH_USER_PATHS = NO;
				CLANG_ANALYZER_NONNULL = YES;
				CLANG_ANALYZER_NUMBER_OBJECT_CONVERSION = YES_AGGRESSIVE;
				CLANG_CXX_LANGUAGE_STANDARD = "gnu++20";
				CLANG_ENABLE_MODULES = YES;
				CLANG_ENABLE_OBJC_ARC = YES;
				CLANG_ENABLE_OBJC_WEAK = YES;
				CLANG_WARN_BLOCK_CAPTURE_AUTORELEASING = YES;
				CLANG_WARN_BOOL_CONVERSION = YES;
				CLANG_WARN_COMMA = YES;
				CLANG_WARN_CONSTANT_CONVERSION = YES;
				CLANG_WARN_DEPRECATED_OBJC_IMPLEMENTATIONS = YES;
				CLANG_WARN_DIRECT_OBJC_ISA_USAGE = YES_ERROR;
				CLANG_WARN_DOCUMENTATION_COMMENTS = YES;
				CLANG_WARN_EMPTY_BODY = YES;
				CLANG_WARN_ENUM_CONVERSION = YES;
				CLANG_WARN_INFINITE_RECURSION = YES;
				CLANG_WARN_INT_CONVERSION = YES;
				CLANG_WARN_NON_LITERAL_NULL_CONVERSION = YES;
				CLANG_WARN_OBJC_IMPLICIT_RETAIN_SELF = YES;
				CLANG_WARN_OBJC_LITERAL_CONVERSION = YES;
				CLANG_WARN_OBJC_ROOT_CLASS = YES_ERROR;
				CLANG_WARN_QUOTED_INCLUDE_IN_FRAMEWORK_HEADER = YES;
				CLANG_WARN_RANGE_LOOP_ANALYSIS = YES;
				CLANG_WARN_STRICT_PROTOTYPES = YES;
				CLANG_WARN_SUSPICIOUS_MOVE = YES;
				CLANG_WARN_UNGUARDED_AVAILABILITY = YES_AGGRESSIVE;
				CLANG_WARN_UNREACHABLE_CODE = YES;
				CLANG_WARN__DUPLICATE_METHOD_MATCH = YES;
				COPY_PHASE_STRIP = NO;
				DEBUG_INFORMATION_FORMAT = dwarf;
				ENABLE_STRICT_OBJC_MSGSEND = YES;
				ENABLE_TESTABILITY = YES;
				GCC_C_LANGUAGE_STANDARD = gnu11;
				GCC_DYNAMIC_NO_PIC = NO;
				GCC_NO_COMMON_BLOCKS = YES;
				GCC_OPTIMIZATION_LEVEL = 0;
				GCC_PREPROCESSOR_DEFINITIONS = (
					"DEBUG=1",
					"$(inherited)",
				);
				GCC_WARN_64_TO_32_BIT_CONVERSION = YES;
				GCC_WARN_ABOUT_RETURN_TYPE = YES_ERROR;
				GCC_WARN_UNDECLARED_SELECTOR = YES;
				GCC_WARN_UNINITIALIZED_AUTOS = YES_AGGRESSIVE;
				GCC_WARN_UNUSED_FUNCTION = YES;
				GCC_WARN_UNUSED_VARIABLE = YES;
				IPHONEOS_DEPLOYMENT_TARGET = 13.0;
				MTL_ENABLE_DEBUG_INFO = INCLUDE_SOURCE;
				MTL_FAST_MATH = YES;
				ONLY_ACTIVE_ARCH = YES;
				SDKROOT = iphoneos;
				SWIFT_ACTIVE_COMPILATION_CONDITIONS = DEBUG;
				SWIFT_OPTIMIZATION_LEVEL = "-Onone";
			};
			name = Debug;
		};
		D1606B1A2A137C7E00AD1414 /* Release */ = {
			isa = XCBuildConfiguration;
			buildSettings = {
				ALWAYS_SEARCH_USER_PATHS = NO;
				CLANG_ANALYZER_NONNULL = YES;
				CLANG_ANALYZER_NUMBER_OBJECT_CONVERSION = YES_AGGRESSIVE;
				CLANG_CXX_LANGUAGE_STANDARD = "gnu++20";
				CLANG_ENABLE_MODULES = YES;
				CLANG_ENABLE_OBJC_ARC = YES;
				CLANG_ENABLE_OBJC_WEAK = YES;
				CLANG_WARN_BLOCK_CAPTURE_AUTORELEASING = YES;
				CLANG_WARN_BOOL_CONVERSION = YES;
				CLANG_WARN_COMMA = YES;
				CLANG_WARN_CONSTANT_CONVERSION = YES;
				CLANG_WARN_DEPRECATED_OBJC_IMPLEMENTATIONS = YES;
				CLANG_WARN_DIRECT_OBJC_ISA_USAGE = YES_ERROR;
				CLANG_WARN_DOCUMENTATION_COMMENTS = YES;
				CLANG_WARN_EMPTY_BODY = YES;
				CLANG_WARN_ENUM_CONVERSION = YES;
				CLANG_WARN_INFINITE_RECURSION = YES;
				CLANG_WARN_INT_CONVERSION = YES;
				CLANG_WARN_NON_LITERAL_NULL_CONVERSION = YES;
				CLANG_WARN_OBJC_IMPLICIT_RETAIN_SELF = YES;
				CLANG_WARN_OBJC_LITERAL_CONVERSION = YES;
				CLANG_WARN_OBJC_ROOT_CLASS = YES_ERROR;
				CLANG_WARN_QUOTED_INCLUDE_IN_FRAMEWORK_HEADER = YES;
				CLANG_WARN_RANGE_LOOP_ANALYSIS = YES;
				CLANG_WARN_STRICT_PROTOTYPES = YES;
				CLANG_WARN_SUSPICIOUS_MOVE = YES;
				CLANG_WARN_UNGUARDED_AVAILABILITY = YES_AGGRESSIVE;
				CLANG_WARN_UNREACHABLE_CODE = YES;
				CLANG_WARN__DUPLICATE_METHOD_MATCH = YES;
				COPY_PHASE_STRIP = NO;
				DEBUG_INFORMATION_FORMAT = "dwarf-with-dsym";
				ENABLE_NS_ASSERTIONS = NO;
				ENABLE_STRICT_OBJC_MSGSEND = YES;
				GCC_C_LANGUAGE_STANDARD = gnu11;
				GCC_NO_COMMON_BLOCKS = YES;
				GCC_WARN_64_TO_32_BIT_CONVERSION = YES;
				GCC_WARN_ABOUT_RETURN_TYPE = YES_ERROR;
				GCC_WARN_UNDECLARED_SELECTOR = YES;
				GCC_WARN_UNINITIALIZED_AUTOS = YES_AGGRESSIVE;
				GCC_WARN_UNUSED_FUNCTION = YES;
				GCC_WARN_UNUSED_VARIABLE = YES;
				IPHONEOS_DEPLOYMENT_TARGET = 13.0;
				MTL_ENABLE_DEBUG_INFO = NO;
				MTL_FAST_MATH = YES;
				SDKROOT = iphoneos;
				SWIFT_COMPILATION_MODE = wholemodule;
				SWIFT_OPTIMIZATION_LEVEL = "-O";
				VALIDATE_PRODUCT = YES;
			};
			name = Release;
		};
		D1606B1C2A137C7E00AD1414 /* Debug */ = {
			isa = XCBuildConfiguration;
			buildSettings = {
				ASSETCATALOG_COMPILER_APPICON_NAME = AppIcon;
				ASSETCATALOG_COMPILER_GLOBAL_ACCENT_COLOR_NAME = AccentColor;
				CODE_SIGN_STYLE = Automatic;
				CURRENT_PROJECT_VERSION = 1;
				DEVELOPMENT_TEAM = G82BQXGANZ;
				GENERATE_INFOPLIST_FILE = YES;
				INFOPLIST_FILE = "Image Searcher/Info.plist";
				INFOPLIST_KEY_UIApplicationSupportsIndirectInputEvents = YES;
				INFOPLIST_KEY_UILaunchStoryboardName = LaunchScreen;
				INFOPLIST_KEY_UIStatusBarStyle = UIStatusBarStyleDarkContent;
				INFOPLIST_KEY_UISupportedInterfaceOrientations = UIInterfaceOrientationPortrait;
				IPHONEOS_DEPLOYMENT_TARGET = 13.0;
				LD_RUNPATH_SEARCH_PATHS = (
					"$(inherited)",
					"@executable_path/Frameworks",
				);
				MARKETING_VERSION = 1.0;
				PRODUCT_BUNDLE_IDENTIFIER = "com.negative.Image-Searcher";
				PRODUCT_NAME = "$(TARGET_NAME)";
				SWIFT_EMIT_LOC_STRINGS = YES;
				SWIFT_VERSION = 5.0;
				TARGETED_DEVICE_FAMILY = "1,2";
			};
			name = Debug;
		};
		D1606B1D2A137C7E00AD1414 /* Release */ = {
			isa = XCBuildConfiguration;
			buildSettings = {
				ASSETCATALOG_COMPILER_APPICON_NAME = AppIcon;
				ASSETCATALOG_COMPILER_GLOBAL_ACCENT_COLOR_NAME = AccentColor;
				CODE_SIGN_STYLE = Automatic;
				CURRENT_PROJECT_VERSION = 1;
				DEVELOPMENT_TEAM = G82BQXGANZ;
				GENERATE_INFOPLIST_FILE = YES;
				INFOPLIST_FILE = "Image Searcher/Info.plist";
				INFOPLIST_KEY_UIApplicationSupportsIndirectInputEvents = YES;
				INFOPLIST_KEY_UILaunchStoryboardName = LaunchScreen;
				INFOPLIST_KEY_UIStatusBarStyle = UIStatusBarStyleDarkContent;
				INFOPLIST_KEY_UISupportedInterfaceOrientations = UIInterfaceOrientationPortrait;
				IPHONEOS_DEPLOYMENT_TARGET = 13.0;
				LD_RUNPATH_SEARCH_PATHS = (
					"$(inherited)",
					"@executable_path/Frameworks",
				);
				MARKETING_VERSION = 1.0;
				PRODUCT_BUNDLE_IDENTIFIER = "com.negative.Image-Searcher";
				PRODUCT_NAME = "$(TARGET_NAME)";
				SWIFT_EMIT_LOC_STRINGS = YES;
				SWIFT_VERSION = 5.0;
				TARGETED_DEVICE_FAMILY = "1,2";
			};
			name = Release;
		};
		D1FF6CA62A163F6400280F65 /* Debug */ = {
			isa = XCBuildConfiguration;
			buildSettings = {
				BUNDLE_LOADER = "$(TEST_HOST)";
				CODE_SIGN_STYLE = Automatic;
				CURRENT_PROJECT_VERSION = 1;
				DEVELOPMENT_TEAM = G82BQXGANZ;
				GENERATE_INFOPLIST_FILE = YES;
				IPHONEOS_DEPLOYMENT_TARGET = 16.4;
				MARKETING_VERSION = 1.0;
				PRODUCT_BUNDLE_IDENTIFIER = "com.negative.Image-SearcherTests";
				PRODUCT_NAME = "$(TARGET_NAME)";
				SWIFT_EMIT_LOC_STRINGS = NO;
				SWIFT_VERSION = 5.0;
				TARGETED_DEVICE_FAMILY = "1,2";
				TEST_HOST = "$(BUILT_PRODUCTS_DIR)/Image Searcher.app/$(BUNDLE_EXECUTABLE_FOLDER_PATH)/Image Searcher";
			};
			name = Debug;
		};
		D1FF6CA72A163F6400280F65 /* Release */ = {
			isa = XCBuildConfiguration;
			buildSettings = {
				BUNDLE_LOADER = "$(TEST_HOST)";
				CODE_SIGN_STYLE = Automatic;
				CURRENT_PROJECT_VERSION = 1;
				DEVELOPMENT_TEAM = G82BQXGANZ;
				GENERATE_INFOPLIST_FILE = YES;
				IPHONEOS_DEPLOYMENT_TARGET = 16.4;
				MARKETING_VERSION = 1.0;
				PRODUCT_BUNDLE_IDENTIFIER = "com.negative.Image-SearcherTests";
				PRODUCT_NAME = "$(TARGET_NAME)";
				SWIFT_EMIT_LOC_STRINGS = NO;
				SWIFT_VERSION = 5.0;
				TARGETED_DEVICE_FAMILY = "1,2";
				TEST_HOST = "$(BUILT_PRODUCTS_DIR)/Image Searcher.app/$(BUNDLE_EXECUTABLE_FOLDER_PATH)/Image Searcher";
			};
			name = Release;
		};
/* End XCBuildConfiguration section */

/* Begin XCConfigurationList section */
		D1606AFF2A137C7C00AD1414 /* Build configuration list for PBXProject "Image Searcher" */ = {
			isa = XCConfigurationList;
			buildConfigurations = (
				D1606B192A137C7E00AD1414 /* Debug */,
				D1606B1A2A137C7E00AD1414 /* Release */,
			);
			defaultConfigurationIsVisible = 0;
			defaultConfigurationName = Release;
		};
		D1606B1B2A137C7E00AD1414 /* Build configuration list for PBXNativeTarget "Image Searcher" */ = {
			isa = XCConfigurationList;
			buildConfigurations = (
				D1606B1C2A137C7E00AD1414 /* Debug */,
				D1606B1D2A137C7E00AD1414 /* Release */,
			);
			defaultConfigurationIsVisible = 0;
			defaultConfigurationName = Release;
		};
		D1FF6CA52A163F6400280F65 /* Build configuration list for PBXNativeTarget "Image SearcherTests" */ = {
			isa = XCConfigurationList;
			buildConfigurations = (
				D1FF6CA62A163F6400280F65 /* Debug */,
				D1FF6CA72A163F6400280F65 /* Release */,
			);
			defaultConfigurationIsVisible = 0;
			defaultConfigurationName = Release;
		};
/* End XCConfigurationList section */

/* Begin XCRemoteSwiftPackageReference section */
		D1606B5F2A1390A200AD1414 /* XCRemoteSwiftPackageReference "IQKeyboardManager" */ = {
			isa = XCRemoteSwiftPackageReference;
			repositoryURL = "https://github.com/hackiftekhar/IQKeyboardManager.git";
			requirement = {
				kind = versionRange;
				maximumVersion = 7.0.0;
				minimumVersion = 6.0.0;
			};
		};
/* End XCRemoteSwiftPackageReference section */

/* Begin XCSwiftPackageProductDependency section */
		D1606B602A1390A200AD1414 /* IQKeyboardManagerSwift */ = {
			isa = XCSwiftPackageProductDependency;
			package = D1606B5F2A1390A200AD1414 /* XCRemoteSwiftPackageReference "IQKeyboardManager" */;
			productName = IQKeyboardManagerSwift;
		};
/* End XCSwiftPackageProductDependency section */

/* Begin XCVersionGroup section */
		D1606B102A137C7C00AD1414 /* Image_Searcher.xcdatamodeld */ = {
			isa = XCVersionGroup;
			children = (
				D1606B112A137C7C00AD1414 /* Image_Searcher.xcdatamodel */,
			);
			currentVersion = D1606B112A137C7C00AD1414 /* Image_Searcher.xcdatamodel */;
			path = Image_Searcher.xcdatamodeld;
			sourceTree = "<group>";
			versionGroupType = wrapper.xcdatamodel;
		};
/* End XCVersionGroup section */
	};
	rootObject = D1606AFC2A137C7C00AD1414 /* Project object */;
}
